
Microsoft Visual Studio Solution File, Format Version 12.00
# Visual Studio Version 17
VisualStudioVersion = 17.5.33424.131
MinimumVisualStudioVersion = 10.0.40219.1
Project("{FAE04EC0-301F-11D3-BF4B-00C04F79EFBC}") = "CalcularCostos_WindowsFomr", "CalcularCostos_WindowsFomr\CalcularCostos_WindowsFomr.csproj", "{5CFBCABE-5B3C-4CF6-86DB-17A55818BE8B}"
EndProject
Global
	GlobalSection(SolutionConfigurationPlatforms) = preSolution
		Debug|Any CPU = Debug|Any CPU
		Release|Any CPU = Release|Any CPU
	EndGlobalSection
	GlobalSection(ProjectConfigurationPlatforms) = postSolution
		{5CFBCABE-5B3C-4CF6-86DB-17A55818BE8B}.Debug|Any CPU.ActiveCfg = Debug|Any CPU
		{5CFBCABE-5B3C-4CF6-86DB-17A55818BE8B}.Debug|Any CPU.Build.0 = Debug|Any CPU
		{5CFBCABE-5B3C-4CF6-86DB-17A55818BE8B}.Release|Any CPU.ActiveCfg = Release|Any CPU
		{5CFBCABE-5B3C-4CF6-86DB-17A55818BE8B}.Release|Any CPU.Build.0 = Release|Any CPU
	EndGlobalSection
	GlobalSection(SolutionProperties) = preSolution
		HideSolutionNode = FALSE
	EndGlobalSection
	GlobalSection(ExtensibilityGlobals) = postSolution
		SolutionGuid = {197B229A-B994-42CA-A643-C06F4694B3C4}
	EndGlobalSection
EndGlobal
